// !$*UTF8*$!
{
	archiveVersion = 1;
	classes = {
	};
	objectVersion = 56;
	objects = {

/* Begin PBXBuildFile section */
		A1000001 /* RawDeckApp.swift in Sources */ = {isa = PBXBuildFile; fileRef = B1000001 /* RawDeckApp.swift */; };
		A1000002 /* ContentView.swift in Sources */ = {isa = PBXBuildFile; fileRef = B1000002 /* ContentView.swift */; };
		A1000003 /* PhotoStore.swift in Sources */ = {isa = PBXBuildFile; fileRef = B1000003 /* PhotoStore.swift */; };
		A1000004 /* Photo.swift in Sources */ = {isa = PBXBuildFile; fileRef = B1000004 /* Photo.swift */; };
		A1000005 /* DropZoneView.swift in Sources */ = {isa = PBXBuildFile; fileRef = B1000005 /* DropZoneView.swift */; };
		A1000006 /* PhotoGridView.swift in Sources */ = {isa = PBXBuildFile; fileRef = B1000006 /* PhotoGridView.swift */; };
		A1000007 /* ThumbnailCell.swift in Sources */ = {isa = PBXBuildFile; fileRef = B1000007 /* ThumbnailCell.swift */; };
		A1000008 /* ToolbarView.swift in Sources */ = {isa = PBXBuildFile; fileRef = B1000008 /* ToolbarView.swift */; };
		A1000009 /* ThumbnailService.swift in Sources */ = {isa = PBXBuildFile; fileRef = B1000009 /* ThumbnailService.swift */; };
		A1000010 /* ImportService.swift in Sources */ = {isa = PBXBuildFile; fileRef = B1000010 /* ImportService.swift */; };
		A1000011 /* ExternalAppService.swift in Sources */ = {isa = PBXBuildFile; fileRef = B1000011 /* ExternalAppService.swift */; };
		A1000012 /* LightboxView.swift in Sources */ = {isa = PBXBuildFile; fileRef = B1000012 /* LightboxView.swift */; };
		A1000013 /* FilterBarView.swift in Sources */ = {isa = PBXBuildFile; fileRef = B1000013 /* FilterBarView.swift */; };
		A1000014 /* ColorwayParserModel.swift in Sources */ = {isa = PBXBuildFile; fileRef = B1000014 /* ColorwayParserModel.swift */; };
		A1000015 /* ImageLoader.swift in Sources */ = {isa = PBXBuildFile; fileRef = B1000015 /* ImageLoader.swift */; };
		A1000016 /* ImageStats.swift in Sources */ = {isa = PBXBuildFile; fileRef = B1000016 /* ImageStats.swift */; };
		A1000017 /* PresetMapper.swift in Sources */ = {isa = PBXBuildFile; fileRef = B1000017 /* PresetMapper.swift */; };
		A1000018 /* XMPWriter.swift in Sources */ = {isa = PBXBuildFile; fileRef = B1000018 /* XMPWriter.swift */; };
		A1000019 /* RecreationSheetWriter.swift in Sources */ = {isa = PBXBuildFile; fileRef = B1000019 /* RecreationSheetWriter.swift */; };
		A1000020 /* ModeBar.swift in Sources */ = {isa = PBXBuildFile; fileRef = B1000020 /* ModeBar.swift */; };
		A1000021 /* ColorwayParserView.swift in Sources */ = {isa = PBXBuildFile; fileRef = B1000021 /* ColorwayParserView.swift */; };
		A1000022 /* DesignSystem.swift in Sources */ = {isa = PBXBuildFile; fileRef = B1000022 /* DesignSystem.swift */; };
			A1000023 /* CoachingDelta.swift in Sources */ = {isa = PBXBuildFile; fileRef = B1000023 /* CoachingDelta.swift */; };
			A1000024 /* CPUDeltaRenderer.swift in Sources */ = {isa = PBXBuildFile; fileRef = B1000024 /* CPUDeltaRenderer.swift */; };
		A1000025 /* ExportService.swift in Sources */ = {isa = PBXBuildFile; fileRef = B1000025 /* ExportService.swift */; };
		A1000026 /* MetadataService.swift in Sources */ = {isa = PBXBuildFile; fileRef = B1000026 /* MetadataService.swift */; };
		A1000027 /* InboxSorter.swift in Sources */ = {isa = PBXBuildFile; fileRef = B1000027 /* InboxSorter.swift */; };
		A1000028 /* LibraryMigrator.swift in Sources */ = {isa = PBXBuildFile; fileRef = B1000028 /* LibraryMigrator.swift */; };
		A1000029 /* LibraryRoot.swift in Sources */ = {isa = PBXBuildFile; fileRef = B1000029 /* LibraryRoot.swift */; };
		A1000030 /* LibraryWatcher.swift in Sources */ = {isa = PBXBuildFile; fileRef = B1000030 /* LibraryWatcher.swift */; };
		A1000031 /* SettingsWindow.swift in Sources */ = {isa = PBXBuildFile; fileRef = B1000031 /* SettingsWindow.swift */; };
		A1000032 /* SyncBackend.swift in Sources */ = {isa = PBXBuildFile; fileRef = B1000032 /* SyncBackend.swift */; };
		A1000033 /* SyncCoordinator.swift in Sources */ = {isa = PBXBuildFile; fileRef = B1000033 /* SyncCoordinator.swift */; };
		A1000034 /* SyncSettings.swift in Sources */ = {isa = PBXBuildFile; fileRef = B1000034 /* SyncSettings.swift */; };
/* End PBXBuildFile section */

/* Begin PBXFileReference section */
		B1000001 /* RawDeckApp.swift */ = {isa = PBXFileReference; lastKnownFileType = sourcecode.swift; path = RawDeckApp.swift; sourceTree = "<group>"; };
		B1000002 /* ContentView.swift */ = {isa = PBXFileReference; lastKnownFileType = sourcecode.swift; path = ContentView.swift; sourceTree = "<group>"; };
		B1000003 /* PhotoStore.swift */ = {isa = PBXFileReference; lastKnownFileType = sourcecode.swift; path = PhotoStore.swift; sourceTree = "<group>"; };
		B1000004 /* Photo.swift */ = {isa = PBXFileReference; lastKnownFileType = sourcecode.swift; path = Photo.swift; sourceTree = "<group>"; };
		B1000005 /* DropZoneView.swift */ = {isa = PBXFileReference; lastKnownFileType = sourcecode.swift; path = DropZoneView.swift; sourceTree = "<group>"; };
		B1000006 /* PhotoGridView.swift */ = {isa = PBXFileReference; lastKnownFileType = sourcecode.swift; path = PhotoGridView.swift; sourceTree = "<group>"; };
		B1000007 /* ThumbnailCell.swift */ = {isa = PBXFileReference; lastKnownFileType = sourcecode.swift; path = ThumbnailCell.swift; sourceTree = "<group>"; };
		B1000008 /* ToolbarView.swift */ = {isa = PBXFileReference; lastKnownFileType = sourcecode.swift; path = ToolbarView.swift; sourceTree = "<group>"; };
		B1000009 /* ThumbnailService.swift */ = {isa = PBXFileReference; lastKnownFileType = sourcecode.swift; path = ThumbnailService.swift; sourceTree = "<group>"; };
		B1000010 /* ImportService.swift */ = {isa = PBXFileReference; lastKnownFileType = sourcecode.swift; path = ImportService.swift; sourceTree = "<group>"; };
		B1000011 /* ExternalAppService.swift */ = {isa = PBXFileReference; lastKnownFileType = sourcecode.swift; path = ExternalAppService.swift; sourceTree = "<group>"; };
		B1000012 /* LightboxView.swift */ = {isa = PBXFileReference; lastKnownFileType = sourcecode.swift; path = LightboxView.swift; sourceTree = "<group>"; };
		B1000013 /* FilterBarView.swift */ = {isa = PBXFileReference; lastKnownFileType = sourcecode.swift; path = FilterBarView.swift; sourceTree = "<group>"; };
		B1000014 /* ColorwayParserModel.swift */ = {isa = PBXFileReference; lastKnownFileType = sourcecode.swift; path = ColorwayParserModel.swift; sourceTree = "<group>"; };
		B1000015 /* ImageLoader.swift */ = {isa = PBXFileReference; lastKnownFileType = sourcecode.swift; path = ImageLoader.swift; sourceTree = "<group>"; };
		B1000016 /* ImageStats.swift */ = {isa = PBXFileReference; lastKnownFileType = sourcecode.swift; path = ImageStats.swift; sourceTree = "<group>"; };
		B1000017 /* PresetMapper.swift */ = {isa = PBXFileReference; lastKnownFileType = sourcecode.swift; path = PresetMapper.swift; sourceTree = "<group>"; };
		B1000018 /* XMPWriter.swift */ = {isa = PBXFileReference; lastKnownFileType = sourcecode.swift; path = XMPWriter.swift; sourceTree = "<group>"; };
		B1000019 /* RecreationSheetWriter.swift */ = {isa = PBXFileReference; lastKnownFileType = sourcecode.swift; path = RecreationSheetWriter.swift; sourceTree = "<group>"; };
		B1000020 /* ModeBar.swift */ = {isa = PBXFileReference; lastKnownFileType = sourcecode.swift; path = ModeBar.swift; sourceTree = "<group>"; };
		B1000021 /* ColorwayParserView.swift */ = {isa = PBXFileReference; lastKnownFileType = sourcecode.swift; path = ColorwayParserView.swift; sourceTree = "<group>"; };
		B1000022 /* DesignSystem.swift */ = {isa = PBXFileReference; lastKnownFileType = sourcecode.swift; path = DesignSystem.swift; sourceTree = "<group>"; };
			B1000023 /* CoachingDelta.swift */ = {isa = PBXFileReference; lastKnownFileType = sourcecode.swift; path = CoachingDelta.swift; sourceTree = "<group>"; };
		B1000024 /* CPUDeltaRenderer.swift */ = {isa = PBXFileReference; lastKnownFileType = sourcecode.swift; path = CPUDeltaRenderer.swift; sourceTree = "<group>"; };
		B1000025 /* ExportService.swift */ = {isa = PBXFileReference; lastKnownFileType = sourcecode.swift; path = ExportService.swift; sourceTree = "<group>"; };
		B1000026 /* MetadataService.swift */ = {isa = PBXFileReference; lastKnownFileType = sourcecode.swift; path = MetadataService.swift; sourceTree = "<group>"; };
		B2000001 /* RawDeck.app */ = {isa = PBXFileReference; explicitFileType = wrapper.application; includeInIndex = 0; path = RawDeck.app; sourceTree = BUILT_PRODUCTS_DIR; };
		B1000027 /* InboxSorter.swift */ = {isa = PBXFileReference; lastKnownFileType = sourcecode.swift; path = InboxSorter.swift; sourceTree = "<group>"; };
		B1000028 /* LibraryMigrator.swift */ = {isa = PBXFileReference; lastKnownFileType = sourcecode.swift; path = LibraryMigrator.swift; sourceTree = "<group>"; };
		B1000029 /* LibraryRoot.swift */ = {isa = PBXFileReference; lastKnownFileType = sourcecode.swift; path = LibraryRoot.swift; sourceTree = "<group>"; };
		B1000030 /* LibraryWatcher.swift */ = {isa = PBXFileReference; lastKnownFileType = sourcecode.swift; path = LibraryWatcher.swift; sourceTree = "<group>"; };
		B1000031 /* SettingsWindow.swift */ = {isa = PBXFileReference; lastKnownFileType = sourcecode.swift; path = SettingsWindow.swift; sourceTree = "<group>"; };
		B1000032 /* SyncBackend.swift */ = {isa = PBXFileReference; lastKnownFileType = sourcecode.swift; path = SyncBackend.swift; sourceTree = "<group>"; };
		B1000033 /* SyncCoordinator.swift */ = {isa = PBXFileReference; lastKnownFileType = sourcecode.swift; path = SyncCoordinator.swift; sourceTree = "<group>"; };
		B1000034 /* SyncSettings.swift */ = {isa = PBXFileReference; lastKnownFileType = sourcecode.swift; path = SyncSettings.swift; sourceTree = "<group>"; };
/* End PBXFileReference section */

/* Begin PBXFrameworksBuildPhase section */
		C1000001 /* Frameworks */ = {
			isa = PBXFrameworksBuildPhase;
			buildActionMask = 2147483647;
			files = (
			);
			runOnlyForDeploymentPostprocessing = 0;
		};
/* End PBXFrameworksBuildPhase section */

/* Begin PBXGroup section */
		D1000001 = {
			isa = PBXGroup;
			children = (
				D1000002 /* RawDeck */,
				D1000003 /* Products */,
			);
			sourceTree = "<group>";
		};
		D1000002 /* RawDeck */ = {
			isa = PBXGroup;
			children = (
				B1000001 /* RawDeckApp.swift */,
				B1000003 /* PhotoStore.swift */,
				D1000004 /* Models */,
				D1000005 /* Views */,
				D1000006 /* Services */,
				D1000007 /* ColorwayParser */,
				D1000008 /* DesignSystem */,
			);
			path = RawDeck;
			sourceTree = "<group>";
		};
		D1000003 /* Products */ = {
			isa = PBXGroup;
			children = (
				B2000001 /* RawDeck.app */,
			);
			name = Products;
			sourceTree = "<group>";
		};
		D1000004 /* Models */ = {
			isa = PBXGroup;
			children = (
				B1000004 /* Photo.swift */,
			);
			path = Models;
			sourceTree = "<group>";
		};
		D1000005 /* Views */ = {
			isa = PBXGroup;
			children = (
				B1000002 /* ContentView.swift */,
				B1000005 /* DropZoneView.swift */,
				B1000006 /* PhotoGridView.swift */,
				B1000007 /* ThumbnailCell.swift */,
				B1000008 /* ToolbarView.swift */,
				B1000012 /* LightboxView.swift */,
				B1000013 /* FilterBarView.swift */,
				B1000020 /* ModeBar.swift */,
				B1000021 /* ColorwayParserView.swift */,
			);
			path = Views;
			sourceTree = "<group>";
		};
		D1000006 /* Services */ = {
		isa = PBXGroup;
		children = (
			B1000009 /* ThumbnailService.swift */,
			B1000010 /* ImportService.swift */,
			B1000011 /* ExternalAppService.swift */,
			B1000025 /* ExportService.swift */,
			B1000026 /* MetadataService.swift */,
			D1000009 /* Library */,
		);
		path = Services;
		sourceTree = "<group>";
	};

		D1000007 /* ColorwayParser */ = {
			isa = PBXGroup;
			children = (
				B1000014 /* ColorwayParserModel.swift */,
				B1000015 /* ImageLoader.swift */,
				B1000016 /* ImageStats.swift */,
				B1000017 /* PresetMapper.swift */,
				B1000018 /* XMPWriter.swift */,
				B1000019 /* RecreationSheetWriter.swift */,
					B1000023 /* CoachingDelta.swift */,
				B1000024 /* CPUDeltaRenderer.swift */,
			);
			path = ColorwayParser;
							sourceTree = "<group>";
		};
		D1000008 /* DesignSystem */ = {
			isa = PBXGroup;
			children = (
				B1000022 /* DesignSystem.swift */,
			);
			path = DesignSystem;
			sourceTree = "<group>";
		};
		D1000009 /* Library */ = {
			isa = PBXGroup;
			children = (
				B1000027 /* InboxSorter.swift */,
				B1000028 /* LibraryMigrator.swift */,
				B1000029 /* LibraryRoot.swift */,
				B1000030 /* LibraryWatcher.swift */,
				B1000031 /* SettingsWindow.swift */,
				B1000032 /* SyncBackend.swift */,
				B1000033 /* SyncCoordinator.swift */,
				B1000034 /* SyncSettings.swift */,
			);
			path = Library;
			sourceTree = "<group>";
		};

/* End PBXGroup section */

/* Begin PBXNativeTarget section */
		E1000001 /* RawDeck */ = {
			isa = PBXNativeTarget;
			buildConfigurationList = F1000001 /* Build configuration list for PBXNativeTarget "RawDeck" */;
			buildPhases = (
				G1000001 /* Sources */,
				C1000001 /* Frameworks */,
				H1000001 /* Resources */,
			);
			buildRules = (
			);
			dependencies = (
			);
			name = RawDeck;
			productName = RawDeck;
			productReference = B2000001 /* RawDeck.app */;
			productType = "com.apple.product-type.application";
		};
/* End PBXNativeTarget section */

/* Begin PBXProject section */
		I1000001 /* Project object */ = {
			isa = PBXProject;
			attributes = {
				BuildIndependentTargetsInParallel = YES;
				LastSwiftUpdateCheck = 1500;
				LastUpgradeCheck = 1500;
				TargetAttributes = {
					E1000001 = {
						CreatedOnToolsVersion = 15.0;
					};
				};
			};
			buildConfigurationList = J1000001 /* Build configuration list for PBXProject "RawDeck" */;
			compatibilityVersion = "Xcode 14.0";
			developmentRegion = en;
			hasScannedForEncodings = 0;
			knownRegions = (
				en,
				Base,
			);
			mainGroup = D1000001;
			productRefGroup = D1000003 /* Products */;
			projectDirPath = "";
			projectRoot = "";
			targets = (
				E1000001 /* RawDeck */,
			);
		};
/* End PBXProject section */

/* Begin PBXResourcesBuildPhase section */
		H1000001 /* Resources */ = {
			isa = PBXResourcesBuildPhase;
			buildActionMask = 2147483647;
			files = (
			);
			runOnlyForDeploymentPostprocessing = 0;
		};
/* End PBXResourcesBuildPhase section */

/* Begin PBXSourcesBuildPhase section */
		G1000001 /* Sources */ = {
			isa = PBXSourcesBuildPhase;
			buildActionMask = 2147483647;
			files = (
				A1000001 /* RawDeckApp.swift in Sources */,
				A1000002 /* ContentView.swift in Sources */,
				A1000003 /* PhotoStore.swift in Sources */,
				A1000004 /* Photo.swift in Sources */,
				A1000005 /* DropZoneView.swift in Sources */,
				A1000006 /* PhotoGridView.swift in Sources */,
				A1000007 /* ThumbnailCell.swift in Sources */,
				A1000008 /* ToolbarView.swift in Sources */,
				A1000009 /* ThumbnailService.swift in Sources */,
				A1000010 /* ImportService.swift in Sources */,
				A1000011 /* ExternalAppService.swift in Sources */,
				A1000012 /* LightboxView.swift in Sources */,
				A1000013 /* FilterBarView.swift in Sources */,
				A1000014 /* ColorwayParserModel.swift in Sources */,
				A1000015 /* ImageLoader.swift in Sources */,
				A1000016 /* ImageStats.swift in Sources */,
				A1000017 /* PresetMapper.swift in Sources */,
				A1000018 /* XMPWriter.swift in Sources */,
				A1000019 /* RecreationSheetWriter.swift in Sources */,
				A1000020 /* ModeBar.swift in Sources */,
				A1000021 /* ColorwayParserView.swift in Sources */,
				A1000022 /* DesignSystem.swift in Sources */,
					A1000023 /* CoachingDelta.swift in Sources */,
				A1000024 /* CPUDeltaRenderer.swift in Sources */,
				A1000025 /* ExportService.swift in Sources */,
				A1000026 /* MetadataService.swift in Sources */,
			A1000027 /* InboxSorter.swift in Sources */,
			A1000028 /* LibraryMigrator.swift in Sources */,
			A1000029 /* LibraryRoot.swift in Sources */,
			A1000030 /* LibraryWatcher.swift in Sources */,
			A1000031 /* SettingsWindow.swift in Sources */,
			A1000032 /* SyncBackend.swift in Sources */,
			A1000033 /* SyncCoordinator.swift in Sources */,
			A1000034 /* SyncSettings.swift in Sources */,
			);
			runOnlyForDeploymentPostprocessing = 0;
		};
/* End PBXSourcesBuildPhase section */

/* Begin XCBuildConfiguration section */
		K1000001 /* Debug */ = {
			isa = XCBuildConfiguration;
			buildSettings = {
				ALWAYS_SEARCH_USER_PATHS = NO;
				ASSETCATALOG_COMPILER_GENERATE_SWIFT_ASSET_SYMBOL_EXTENSIONS = YES;
				CLANG_ANALYZER_NONNULL = YES;
				CLANG_ANALYZER_NUMBER_OBJECT_CONVERSION = YES_AGGRESSIVE;
				CLANG_CXX_LANGUAGE_STANDARD = "gnu++20";
				CLANG_ENABLE_MODULES = YES;
				CLANG_ENABLE_OBJC_ARC = YES;
				CLANG_ENABLE_OBJC_WEAK = YES;
				CLANG_WARN_BLOCK_CAPTURE_AUTORELEASING = YES;
				CLANG_WARN_BOOL_CONVERSION = YES;
				CLANG_WARN_COMMA = YES;
				CLANG_WARN_CONSTANT_CONVERSION = YES;
				CLANG_WARN_DEPRECATED_OBJC_IMPLEMENTATIONS = YES;
				CLANG_WARN_DIRECT_OBJC_ISA_USAGE = YES_ERROR;
				CLANG_WARN_DOCUMENTATION_COMMENTS = YES;
				CLANG_WARN_EMPTY_BODY = YES;
				CLANG_WARN_ENUM_CONVERSION = YES;
				CLANG_WARN_INFINITE_RECURSION = YES;
				CLANG_WARN_INT_CONVERSION = YES;
				CLANG_WARN_NON_LITERAL_NULL_CONVERSION = YES;
				CLANG_WARN_OBJC_IMPLICIT_RETAIN_SELF = YES;
				CLANG_WARN_OBJC_LITERAL_CONVERSION = YES;
				CLANG_WARN_OBJC_ROOT_CLASS = YES_ERROR;
				CLANG_WARN_QUOTED_INCLUDE_IN_FRAMEWORK_HEADER = YES;
				CLANG_WARN_RANGE_LOOP_ANALYSIS = YES;
				CLANG_WARN_STRICT_PROTOTYPES = YES;
				CLANG_WARN_SUSPICIOUS_MOVE = YES;
				CLANG_WARN_UNGUARDED_AVAILABILITY = YES_AGGRESSIVE;
				CLANG_WARN_UNREACHABLE_CODE = YES;
				CLANG_WARN__DUPLICATE_METHOD_MATCH = YES;
				COPY_PHASE_STRIP = NO;
				DEBUG_INFORMATION_FORMAT = dwarf;
				ENABLE_STRICT_OBJC_MSGSEND = YES;
				ENABLE_TESTABILITY = YES;
				ENABLE_USER_SCRIPT_SANDBOXING = YES;
				GCC_C_LANGUAGE_STANDARD = gnu17;
				GCC_DYNAMIC_NO_PIC = NO;
				GCC_NO_COMMON_BLOCKS = YES;
				GCC_OPTIMIZATION_LEVEL = 0;
				GCC_PREPROCESSOR_DEFINITIONS = (
					"DEBUG=1",
					"$(inherited)",
				);
				GCC_WARN_64_TO_32_BIT_CONVERSION = YES;
				GCC_WARN_ABOUT_RETURN_TYPE = YES_ERROR;
				GCC_WARN_UNDECLARED_SELECTOR = YES;
				GCC_WARN_UNINITIALIZED_AUTOS = YES_AGGRESSIVE;
				GCC_WARN_UNUSED_FUNCTION = YES;
				GCC_WARN_UNUSED_VARIABLE = YES;
				LOCALIZATION_PREFERS_STRING_CATALOGS = YES;
				MACOSX_DEPLOYMENT_TARGET = 13.0;
				MACOS_DEPLOYMENT_TARGET = 13.0;
				MTL_ENABLE_DEBUG_INFO = INCLUDE_SOURCE;
				MTL_FAST_MATH = YES;
				ONLY_ACTIVE_ARCH = YES;
				SDKROOT = macosx;
				SWIFT_ACTIVE_COMPILATION_CONDITIONS = "DEBUG $(inherited)";
				SWIFT_OPTIMIZATION_LEVEL = "-Onone";
			};
			name = Debug;
		};
		K1000002 /* Release */ = {
			isa = XCBuildConfiguration;
			buildSettings = {
				ALWAYS_SEARCH_USER_PATHS = NO;
				ASSETCATALOG_COMPILER_GENERATE_SWIFT_ASSET_SYMBOL_EXTENSIONS = YES;
				CLANG_ANALYZER_NONNULL = YES;
				CLANG_ANALYZER_NUMBER_OBJECT_CONVERSION = YES_AGGRESSIVE;
				CLANG_CXX_LANGUAGE_STANDARD = "gnu++20";
				CLANG_ENABLE_MODULES = YES;
				CLANG_ENABLE_OBJC_ARC = YES;
				CLANG_ENABLE_OBJC_WEAK = YES;
				CLANG_WARN_BLOCK_CAPTURE_AUTORELEASING = YES;
				CLANG_WARN_BOOL_CONVERSION = YES;
				CLANG_WARN_COMMA = YES;
				CLANG_WARN_CONSTANT_CONVERSION = YES;
				CLANG_WARN_DEPRECATED_OBJC_IMPLEMENTATIONS = YES;
				CLANG_WARN_DIRECT_OBJC_ISA_USAGE = YES_ERROR;
				CLANG_WARN_DOCUMENTATION_COMMENTS = YES;
				CLANG_WARN_EMPTY_BODY = YES;
				CLANG_WARN_ENUM_CONVERSION = YES;
				CLANG_WARN_INFINITE_RECURSION = YES;
				CLANG_WARN_INT_CONVERSION = YES;
				CLANG_WARN_NON_LITERAL_NULL_CONVERSION = YES;
				CLANG_WARN_OBJC_IMPLICIT_RETAIN_SELF = YES;
				CLANG_WARN_OBJC_LITERAL_CONVERSION = YES;
				CLANG_WARN_OBJC_ROOT_CLASS = YES_ERROR;
				CLANG_WARN_QUOTED_INCLUDE_IN_FRAMEWORK_HEADER = YES;
				CLANG_WARN_RANGE_LOOP_ANALYSIS = YES;
				CLANG_WARN_STRICT_PROTOTYPES = YES;
				CLANG_WARN_SUSPICIOUS_MOVE = YES;
				CLANG_WARN_UNGUARDED_AVAILABILITY = YES_AGGRESSIVE;
				CLANG_WARN_UNREACHABLE_CODE = YES;
				CLANG_WARN__DUPLICATE_METHOD_MATCH = YES;
				COPY_PHASE_STRIP = NO;
				DEBUG_INFORMATION_FORMAT = "dwarf-with-dsym";
				ENABLE_NS_ASSERTIONS = NO;
				ENABLE_STRICT_OBJC_MSGSEND = YES;
				ENABLE_USER_SCRIPT_SANDBOXING = YES;
				GCC_C_LANGUAGE_STANDARD = gnu17;
				GCC_NO_COMMON_BLOCKS = YES;
				GCC_WARN_64_TO_32_BIT_CONVERSION = YES;
				GCC_WARN_ABOUT_RETURN_TYPE = YES_ERROR;
				GCC_WARN_UNDECLARED_SELECTOR = YES;
				GCC_WARN_UNINITIALIZED_AUTOS = YES_AGGRESSIVE;
				GCC_WARN_UNUSED_FUNCTION = YES;
				GCC_WARN_UNUSED_VARIABLE = YES;
				LOCALIZATION_PREFERS_STRING_CATALOGS = YES;
				MACOSX_DEPLOYMENT_TARGET = 13.0;
				MACOS_DEPLOYMENT_TARGET = 13.0;
				MTL_ENABLE_DEBUG_INFO = NO;
				MTL_FAST_MATH = YES;
				SDKROOT = macosx;
				SWIFT_COMPILATION_MODE = wholemodule;
			};
			name = Release;
		};
		L1000001 /* Debug */ = {
			isa = XCBuildConfiguration;
			buildSettings = {
				ASSETCATALOG_COMPILER_APPICON_NAME = AppIcon;
				ASSETCATALOG_COMPILER_GLOBAL_ACCENT_COLOR_NAME = AccentColor;
				CODE_SIGN_STYLE = Automatic;
				COMBINE_HIDPI_IMAGES = YES;
				CURRENT_PROJECT_VERSION = 1;
				DEVELOPMENT_ASSET_PATHS = "";
				ENABLE_HARDENED_RUNTIME = YES;
				ENABLE_PREVIEWS = YES;
				GENERATE_INFOPLIST_FILE = YES;
				INFOPLIST_KEY_NSHumanReadableCopyright = "";
				INFOPLIST_KEY_LSApplicationCategoryType = "public.app-category.photography";
				LD_RUNPATH_SEARCH_PATHS = (
					"$(inherited)",
					"@executable_path/../Frameworks",
				);
				MACOSX_DEPLOYMENT_TARGET = 13.0;
				MACOS_DEPLOYMENT_TARGET = 13.0;
				MARKETING_VERSION = 1.0;
				PRODUCT_BUNDLE_IDENTIFIER = "com.bootsphotography.rawdeck";
				PRODUCT_NAME = "$(TARGET_NAME)";
				SWIFT_EMIT_LOC_STRINGS = YES;
				SWIFT_VERSION = 5.0;
			};
			name = Debug;
		};
		L1000002 /* Release */ = {
			isa = XCBuildConfiguration;
			buildSettings = {
				ASSETCATALOG_COMPILER_APPICON_NAME = AppIcon;
				ASSETCATALOG_COMPILER_GLOBAL_ACCENT_COLOR_NAME = AccentColor;
				CODE_SIGN_STYLE = Automatic;
				COMBINE_HIDPI_IMAGES = YES;
				CURRENT_PROJECT_VERSION = 1;
				DEVELOPMENT_ASSET_PATHS = "";
				ENABLE_HARDENED_RUNTIME = YES;
				ENABLE_PREVIEWS = YES;
				GENERATE_INFOPLIST_FILE = YES;
				INFOPLIST_KEY_NSHumanReadableCopyright = "";
				INFOPLIST_KEY_LSApplicationCategoryType = "public.app-category.photography";
				LD_RUNPATH_SEARCH_PATHS = (
					"$(inherited)",
					"@executable_path/../Frameworks",
				);
				MACOSX_DEPLOYMENT_TARGET = 13.0;
				MACOS_DEPLOYMENT_TARGET = 13.0;
				MARKETING_VERSION = 1.0;
				PRODUCT_BUNDLE_IDENTIFIER = "com.bootsphotography.rawdeck";
				PRODUCT_NAME = "$(TARGET_NAME)";
				SWIFT_EMIT_LOC_STRINGS = YES;
				SWIFT_VERSION = 5.0;
			};
			name = Release;
		};
/* End XCBuildConfiguration section */

/* Begin XCConfigurationList section */
		F1000001 /* Build configuration list for PBXNativeTarget "RawDeck" */ = {
			isa = XCConfigurationList;
			buildConfigurations = (
				L1000001 /* Debug */,
				L1000002 /* Release */,
			);
			defaultConfigurationIsVisible = 0;
			defaultConfigurationName = Release;
		};
		J1000001 /* Build configuration list for PBXProject "RawDeck" */ = {
			isa = XCConfigurationList;
			buildConfigurations = (
				K1000001 /* Debug */,
				K1000002 /* Release */,
			);
			defaultConfigurationIsVisible = 0;
			defaultConfigurationName = Release;
		};
/* End XCConfigurationList section */
	};
	rootObject = I1000001 /* Project object */;
}
